
Microsoft Visual Studio Solution File, Format Version 12.00
# Visual Studio Version 17
VisualStudioVersion = 17.9.34607.119
MinimumVisualStudioVersion = 10.0.40219.1
Project("{FAE04EC0-301F-11D3-BF4B-00C04F79EFBC}") = "WebApi", "WebApi\WebApi.csproj", "{B912F7F4-97CA-4AD1-BF5A-278AB9563BDB}"
EndProject
Project("{FAE04EC0-301F-11D3-BF4B-00C04F79EFBC}") = "Business", "Business\Business.csproj", "{07D7AFED-CA83-479B-8A5F-6B96FE3FB020}"
EndProject
Project("{FAE04EC0-301F-11D3-BF4B-00C04F79EFBC}") = "DataAccess", "DataAccess\DataAccess.csproj", "{866478AD-FEAB-4457-9ED6-5DC378C575BB}"
EndProject
Project("{FAE04EC0-301F-11D3-BF4B-00C04F79EFBC}") = "Entities", "Entities\Entities.csproj", "{F62E766B-1460-407A-BA7B-4DDD7B996900}"
EndProject
Project("{FAE04EC0-301F-11D3-BF4B-00C04F79EFBC}") = "Core", "Core\Core.csproj", "{E6F10F23-BBAF-45D8-AA1B-3C3C79433473}"
EndProject
Global
	GlobalSection(SolutionConfigurationPlatforms) = preSolution
		Debug|Any CPU = Debug|Any CPU
		Release|Any CPU = Release|Any CPU
	EndGlobalSection
	GlobalSection(ProjectConfigurationPlatforms) = postSolution
		{B912F7F4-97CA-4AD1-BF5A-278AB9563BDB}.Debug|Any CPU.ActiveCfg = Debug|Any CPU
		{B912F7F4-97CA-4AD1-BF5A-278AB9563BDB}.Debug|Any CPU.Build.0 = Debug|Any CPU
		{B912F7F4-97CA-4AD1-BF5A-278AB9563BDB}.Release|Any CPU.ActiveCfg = Release|Any CPU
		{B912F7F4-97CA-4AD1-BF5A-278AB9563BDB}.Release|Any CPU.Build.0 = Release|Any CPU
		{07D7AFED-CA83-479B-8A5F-6B96FE3FB020}.Debug|Any CPU.ActiveCfg = Debug|Any CPU
		{07D7AFED-CA83-479B-8A5F-6B96FE3FB020}.Debug|Any CPU.Build.0 = Debug|Any CPU
		{07D7AFED-CA83-479B-8A5F-6B96FE3FB020}.Release|Any CPU.ActiveCfg = Release|Any CPU
		{07D7AFED-CA83-479B-8A5F-6B96FE3FB020}.Release|Any CPU.Build.0 = Release|Any CPU
		{866478AD-FEAB-4457-9ED6-5DC378C575BB}.Debug|Any CPU.ActiveCfg = Debug|Any CPU
		{866478AD-FEAB-4457-9ED6-5DC378C575BB}.Debug|Any CPU.Build.0 = Debug|Any CPU
		{866478AD-FEAB-4457-9ED6-5DC378C575BB}.Release|Any CPU.ActiveCfg = Release|Any CPU
		{866478AD-FEAB-4457-9ED6-5DC378C575BB}.Release|Any CPU.Build.0 = Release|Any CPU
		{F62E766B-1460-407A-BA7B-4DDD7B996900}.Debug|Any CPU.ActiveCfg = Debug|Any CPU
		{F62E766B-1460-407A-BA7B-4DDD7B996900}.Debug|Any CPU.Build.0 = Debug|Any CPU
		{F62E766B-1460-407A-BA7B-4DDD7B996900}.Release|Any CPU.ActiveCfg = Release|Any CPU
		{F62E766B-1460-407A-BA7B-4DDD7B996900}.Release|Any CPU.Build.0 = Release|Any CPU
		{E6F10F23-BBAF-45D8-AA1B-3C3C79433473}.Debug|Any CPU.ActiveCfg = Debug|Any CPU
		{E6F10F23-BBAF-45D8-AA1B-3C3C79433473}.Debug|Any CPU.Build.0 = Debug|Any CPU
		{E6F10F23-BBAF-45D8-AA1B-3C3C79433473}.Release|Any CPU.ActiveCfg = Release|Any CPU
		{E6F10F23-BBAF-45D8-AA1B-3C3C79433473}.Release|Any CPU.Build.0 = Release|Any CPU
	EndGlobalSection
	GlobalSection(SolutionProperties) = preSolution
		HideSolutionNode = FALSE
	EndGlobalSection
	GlobalSection(ExtensibilityGlobals) = postSolution
		SolutionGuid = {9E50F042-986E-4789-99FC-EDEC680FD990}
	EndGlobalSection
EndGlobal
